
Microsoft Visual Studio Solution File, Format Version 12.00
# Visual Studio Version 16
VisualStudioVersion = 16.0.810.20
MinimumVisualStudioVersion = 10.0.40219.1
Project("{FAE04EC0-301F-11D3-BF4B-00C04F79EFBC}") = "JWTSecretGenerator", "JWTSecretGenerator.csproj", "{D9E4FED2-E324-4313-BB33-E9DF7D37D9B1}"
EndProject
Global
	GlobalSection(SolutionConfigurationPlatforms) = preSolution
		Debug|Any CPU = Debug|Any CPU
		Release|Any CPU = Release|Any CPU
	EndGlobalSection
	GlobalSection(ProjectConfigurationPlatforms) = postSolution
		{D9E4FED2-E324-4313-BB33-E9DF7D37D9B1}.Debug|Any CPU.ActiveCfg = Debug|Any CPU
		{D9E4FED2-E324-4313-BB33-E9DF7D37D9B1}.Debug|Any CPU.Build.0 = Debug|Any CPU
		{D9E4FED2-E324-4313-BB33-E9DF7D37D9B1}.Release|Any CPU.ActiveCfg = Release|Any CPU
		{D9E4FED2-E324-4313-BB33-E9DF7D37D9B1}.Release|Any CPU.Build.0 = Release|Any CPU
	EndGlobalSection
	GlobalSection(SolutionProperties) = preSolution
		HideSolutionNode = FALSE
	EndGlobalSection
	GlobalSection(ExtensibilityGlobals) = postSolution
		SolutionGuid = {C11F675C-AD4D-45C7-A7D5-A682EEC1F258}
	EndGlobalSection
EndGlobal
